
Microsoft Visual Studio Solution File, Format Version 12.00
# Visual Studio Version 17
VisualStudioVersion = 17.4.33122.133
MinimumVisualStudioVersion = 10.0.40219.1
Project("{FAE04EC0-301F-11D3-BF4B-00C04F79EFBC}") = "KafkaDemoUI", "KafkaDemoUI\KafkaDemoUI.csproj", "{F108E103-B292-4515-8602-CB3A977F7829}"
EndProject
Global
	GlobalSection(SolutionConfigurationPlatforms) = preSolution
		Debug|Any CPU = Debug|Any CPU
		Release|Any CPU = Release|Any CPU
	EndGlobalSection
	GlobalSection(ProjectConfigurationPlatforms) = postSolution
		{F108E103-B292-4515-8602-CB3A977F7829}.Debug|Any CPU.ActiveCfg = Debug|Any CPU
		{F108E103-B292-4515-8602-CB3A977F7829}.Debug|Any CPU.Build.0 = Debug|Any CPU
		{F108E103-B292-4515-8602-CB3A977F7829}.Release|Any CPU.ActiveCfg = Release|Any CPU
		{F108E103-B292-4515-8602-CB3A977F7829}.Release|Any CPU.Build.0 = Release|Any CPU
	EndGlobalSection
	GlobalSection(SolutionProperties) = preSolution
		HideSolutionNode = FALSE
	EndGlobalSection
	GlobalSection(ExtensibilityGlobals) = postSolution
		SolutionGuid = {9742474D-6327-4DA0-B841-F2294E5A553D}
	EndGlobalSection
EndGlobal
